// !$*UTF8*$!
{
	archiveVersion = 1;
	classes = {
	};
	objectVersion = 60;
	objects = {

/* Begin PBXBuildFile section */
		FA1EB0202C3275EE0055A98C /* cryptoNewsApp.swift in Sources */ = {isa = PBXBuildFile; fileRef = FA1EB01F2C3275EE0055A98C /* cryptoNewsApp.swift */; };
		FA1EB0222C3275EE0055A98C /* HomeView.swift in Sources */ = {isa = PBXBuildFile; fileRef = FA1EB0212C3275EE0055A98C /* HomeView.swift */; };
		FA1EB0242C3275EF0055A98C /* Assets.xcassets in Resources */ = {isa = PBXBuildFile; fileRef = FA1EB0232C3275EF0055A98C /* Assets.xcassets */; };
		FA1EB0272C3275EF0055A98C /* Preview Assets.xcassets in Resources */ = {isa = PBXBuildFile; fileRef = FA1EB0262C3275EF0055A98C /* Preview Assets.xcassets */; };
		FA1EB0312C3275EF0055A98C /* cryptoNewsTests.swift in Sources */ = {isa = PBXBuildFile; fileRef = FA1EB0302C3275EF0055A98C /* cryptoNewsTests.swift */; };
		FA1EB03B2C3275F00055A98C /* cryptoNewsUITests.swift in Sources */ = {isa = PBXBuildFile; fileRef = FA1EB03A2C3275F00055A98C /* cryptoNewsUITests.swift */; };
		FA1EB03D2C3275F00055A98C /* cryptoNewsUITestsLaunchTests.swift in Sources */ = {isa = PBXBuildFile; fileRef = FA1EB03C2C3275F00055A98C /* cryptoNewsUITestsLaunchTests.swift */; };
		FA1EB04B2C327A7D0055A98C /* TopCoin.swift in Sources */ = {isa = PBXBuildFile; fileRef = FA1EB04A2C327A790055A98C /* TopCoin.swift */; };
		FA1EB0502C327ABE0055A98C /* HomeViewModel.swift in Sources */ = {isa = PBXBuildFile; fileRef = FA1EB04F2C327ABD0055A98C /* HomeViewModel.swift */; };
		FA1EB0542C3292300055A98C /* GradientChartView.swift in Sources */ = {isa = PBXBuildFile; fileRef = FA1EB0532C32921F0055A98C /* GradientChartView.swift */; };
		FA1EB0562C32D96D0055A98C /* News.swift in Sources */ = {isa = PBXBuildFile; fileRef = FA1EB0552C32D9680055A98C /* News.swift */; };
		FA1EB0582C32DD8E0055A98C /* AppCoordinator.swift in Sources */ = {isa = PBXBuildFile; fileRef = FA1EB0572C32DD830055A98C /* AppCoordinator.swift */; };
		FA1EB05B2C32E2970055A98C /* ApiService.swift in Sources */ = {isa = PBXBuildFile; fileRef = FA1EB05A2C32E2960055A98C /* ApiService.swift */; };
		FA1EB05E2C33CB220055A98C /* DetailView2.swift in Sources */ = {isa = PBXBuildFile; fileRef = FA1EB05D2C33CB200055A98C /* DetailView2.swift */; };
		FA1EB0662C342D830055A98C /* BaseViewModel.swift in Sources */ = {isa = PBXBuildFile; fileRef = FA1EB0652C342D790055A98C /* BaseViewModel.swift */; };
		FA1EB06A2C343D570055A98C /* DetailView.swift in Sources */ = {isa = PBXBuildFile; fileRef = FA1EB0692C343D560055A98C /* DetailView.swift */; };
		FA1EB06D2C343D940055A98C /* Double+.swift in Sources */ = {isa = PBXBuildFile; fileRef = FA1EB06C2C343D910055A98C /* Double+.swift */; };
		FAC39AEB2C47B61E00452DDA /* AppRepository.swift in Sources */ = {isa = PBXBuildFile; fileRef = FAC39AEA2C47B60500452DDA /* AppRepository.swift */; };
		FAC39AEF2C47B90C00452DDA /* LocalDataSource.swift in Sources */ = {isa = PBXBuildFile; fileRef = FAC39AEE2C47B90200452DDA /* LocalDataSource.swift */; };
		FAC39AF12C47B91600452DDA /* RemoteSource.swift in Sources */ = {isa = PBXBuildFile; fileRef = FAC39AF02C47B91200452DDA /* RemoteSource.swift */; };
/* End PBXBuildFile section */

/* Begin PBXContainerItemProxy section */
		FA1EB02D2C3275EF0055A98C /* PBXContainerItemProxy */ = {
			isa = PBXContainerItemProxy;
			containerPortal = FA1EB0142C3275EE0055A98C /* Project object */;
			proxyType = 1;
			remoteGlobalIDString = FA1EB01B2C3275EE0055A98C;
			remoteInfo = cryptoNews;
		};
		FA1EB0372C3275F00055A98C /* PBXContainerItemProxy */ = {
			isa = PBXContainerItemProxy;
			containerPortal = FA1EB0142C3275EE0055A98C /* Project object */;
			proxyType = 1;
			remoteGlobalIDString = FA1EB01B2C3275EE0055A98C;
			remoteInfo = cryptoNews;
		};
/* End PBXContainerItemProxy section */

/* Begin PBXFileReference section */
		FA1EB01C2C3275EE0055A98C /* cryptoNews.app */ = {isa = PBXFileReference; explicitFileType = wrapper.application; includeInIndex = 0; path = cryptoNews.app; sourceTree = BUILT_PRODUCTS_DIR; };
		FA1EB01F2C3275EE0055A98C /* cryptoNewsApp.swift */ = {isa = PBXFileReference; lastKnownFileType = sourcecode.swift; path = cryptoNewsApp.swift; sourceTree = "<group>"; };
		FA1EB0212C3275EE0055A98C /* HomeView.swift */ = {isa = PBXFileReference; lastKnownFileType = sourcecode.swift; path = HomeView.swift; sourceTree = "<group>"; };
		FA1EB0232C3275EF0055A98C /* Assets.xcassets */ = {isa = PBXFileReference; lastKnownFileType = folder.assetcatalog; path = Assets.xcassets; sourceTree = "<group>"; };
		FA1EB0262C3275EF0055A98C /* Preview Assets.xcassets */ = {isa = PBXFileReference; lastKnownFileType = folder.assetcatalog; path = "Preview Assets.xcassets"; sourceTree = "<group>"; };
		FA1EB02C2C3275EF0055A98C /* cryptoNewsTests.xctest */ = {isa = PBXFileReference; explicitFileType = wrapper.cfbundle; includeInIndex = 0; path = cryptoNewsTests.xctest; sourceTree = BUILT_PRODUCTS_DIR; };
		FA1EB0302C3275EF0055A98C /* cryptoNewsTests.swift */ = {isa = PBXFileReference; lastKnownFileType = sourcecode.swift; path = cryptoNewsTests.swift; sourceTree = "<group>"; };
		FA1EB0362C3275F00055A98C /* cryptoNewsUITests.xctest */ = {isa = PBXFileReference; explicitFileType = wrapper.cfbundle; includeInIndex = 0; path = cryptoNewsUITests.xctest; sourceTree = BUILT_PRODUCTS_DIR; };
		FA1EB03A2C3275F00055A98C /* cryptoNewsUITests.swift */ = {isa = PBXFileReference; lastKnownFileType = sourcecode.swift; path = cryptoNewsUITests.swift; sourceTree = "<group>"; };
		FA1EB03C2C3275F00055A98C /* cryptoNewsUITestsLaunchTests.swift */ = {isa = PBXFileReference; lastKnownFileType = sourcecode.swift; path = cryptoNewsUITestsLaunchTests.swift; sourceTree = "<group>"; };
		FA1EB04A2C327A790055A98C /* TopCoin.swift */ = {isa = PBXFileReference; lastKnownFileType = sourcecode.swift; path = TopCoin.swift; sourceTree = "<group>"; };
		FA1EB04F2C327ABD0055A98C /* HomeViewModel.swift */ = {isa = PBXFileReference; lastKnownFileType = sourcecode.swift; path = HomeViewModel.swift; sourceTree = "<group>"; };
		FA1EB0532C32921F0055A98C /* GradientChartView.swift */ = {isa = PBXFileReference; lastKnownFileType = sourcecode.swift; path = GradientChartView.swift; sourceTree = "<group>"; };
		FA1EB0552C32D9680055A98C /* News.swift */ = {isa = PBXFileReference; lastKnownFileType = sourcecode.swift; path = News.swift; sourceTree = "<group>"; };
		FA1EB0572C32DD830055A98C /* AppCoordinator.swift */ = {isa = PBXFileReference; lastKnownFileType = sourcecode.swift; path = AppCoordinator.swift; sourceTree = "<group>"; };
		FA1EB05A2C32E2960055A98C /* ApiService.swift */ = {isa = PBXFileReference; lastKnownFileType = sourcecode.swift; path = ApiService.swift; sourceTree = "<group>"; };
		FA1EB05D2C33CB200055A98C /* DetailView2.swift */ = {isa = PBXFileReference; lastKnownFileType = sourcecode.swift; path = DetailView2.swift; sourceTree = "<group>"; };
		FA1EB0652C342D790055A98C /* BaseViewModel.swift */ = {isa = PBXFileReference; lastKnownFileType = sourcecode.swift; path = BaseViewModel.swift; sourceTree = "<group>"; };
		FA1EB0692C343D560055A98C /* DetailView.swift */ = {isa = PBXFileReference; lastKnownFileType = sourcecode.swift; path = DetailView.swift; sourceTree = "<group>"; };
		FA1EB06C2C343D910055A98C /* Double+.swift */ = {isa = PBXFileReference; lastKnownFileType = sourcecode.swift; path = "Double+.swift"; sourceTree = "<group>"; };
		FAC39AEA2C47B60500452DDA /* AppRepository.swift */ = {isa = PBXFileReference; lastKnownFileType = sourcecode.swift; path = AppRepository.swift; sourceTree = "<group>"; };
		FAC39AEE2C47B90200452DDA /* LocalDataSource.swift */ = {isa = PBXFileReference; lastKnownFileType = sourcecode.swift; path = LocalDataSource.swift; sourceTree = "<group>"; };
		FAC39AF02C47B91200452DDA /* RemoteSource.swift */ = {isa = PBXFileReference; lastKnownFileType = sourcecode.swift; path = RemoteSource.swift; sourceTree = "<group>"; };
/* End PBXFileReference section */

/* Begin PBXFrameworksBuildPhase section */
		FA1EB0192C3275EE0055A98C /* Frameworks */ = {
			isa = PBXFrameworksBuildPhase;
			buildActionMask = 2147483647;
			files = (
			);
			runOnlyForDeploymentPostprocessing = 0;
		};
		FA1EB0292C3275EF0055A98C /* Frameworks */ = {
			isa = PBXFrameworksBuildPhase;
			buildActionMask = 2147483647;
			files = (
			);
			runOnlyForDeploymentPostprocessing = 0;
		};
		FA1EB0332C3275F00055A98C /* Frameworks */ = {
			isa = PBXFrameworksBuildPhase;
			buildActionMask = 2147483647;
			files = (
			);
			runOnlyForDeploymentPostprocessing = 0;
		};
/* End PBXFrameworksBuildPhase section */

/* Begin PBXGroup section */
		FA1EB0132C3275EE0055A98C = {
			isa = PBXGroup;
			children = (
				FA1EB01E2C3275EE0055A98C /* cryptoNews */,
				FA1EB02F2C3275EF0055A98C /* cryptoNewsTests */,
				FA1EB0392C3275F00055A98C /* cryptoNewsUITests */,
				FA1EB01D2C3275EE0055A98C /* Products */,
			);
			sourceTree = "<group>";
		};
		FA1EB01D2C3275EE0055A98C /* Products */ = {
			isa = PBXGroup;
			children = (
				FA1EB01C2C3275EE0055A98C /* cryptoNews.app */,
				FA1EB02C2C3275EF0055A98C /* cryptoNewsTests.xctest */,
				FA1EB0362C3275F00055A98C /* cryptoNewsUITests.xctest */,
			);
			name = Products;
			sourceTree = "<group>";
		};
		FA1EB01E2C3275EE0055A98C /* cryptoNews */ = {
			isa = PBXGroup;
			children = (
				FAC39AE92C47B58D00452DDA /* Data */,
				FA1EB06B2C343D8B0055A98C /* Extension */,
				FA1EB0622C342CF10055A98C /* Feature */,
				FA1EB0602C342CCD0055A98C /* Coordinator */,
				FA1EB0592C32E28F0055A98C /* Domain */,
				FA1EB01F2C3275EE0055A98C /* cryptoNewsApp.swift */,
				FA1EB0232C3275EF0055A98C /* Assets.xcassets */,
				FA1EB0252C3275EF0055A98C /* Preview Content */,
			);
			path = cryptoNews;
			sourceTree = "<group>";
		};
		FA1EB0252C3275EF0055A98C /* Preview Content */ = {
			isa = PBXGroup;
			children = (
				FA1EB0262C3275EF0055A98C /* Preview Assets.xcassets */,
			);
			path = "Preview Content";
			sourceTree = "<group>";
		};
		FA1EB02F2C3275EF0055A98C /* cryptoNewsTests */ = {
			isa = PBXGroup;
			children = (
				FA1EB0302C3275EF0055A98C /* cryptoNewsTests.swift */,
			);
			path = cryptoNewsTests;
			sourceTree = "<group>";
		};
		FA1EB0392C3275F00055A98C /* cryptoNewsUITests */ = {
			isa = PBXGroup;
			children = (
				FA1EB03A2C3275F00055A98C /* cryptoNewsUITests.swift */,
				FA1EB03C2C3275F00055A98C /* cryptoNewsUITestsLaunchTests.swift */,
			);
			path = cryptoNewsUITests;
			sourceTree = "<group>";
		};
		FA1EB0492C327A710055A98C /* Entities */ = {
			isa = PBXGroup;
			children = (
				FA1EB0552C32D9680055A98C /* News.swift */,
				FA1EB04A2C327A790055A98C /* TopCoin.swift */,
			);
			path = Entities;
			sourceTree = "<group>";
		};
		FA1EB0512C327ACA0055A98C /* Home */ = {
			isa = PBXGroup;
			children = (
				FA1EB0212C3275EE0055A98C /* HomeView.swift */,
				FA1EB04F2C327ABD0055A98C /* HomeViewModel.swift */,
				FA1EB0632C342D110055A98C /* View */,
				FA1EB05C2C3305E50055A98C /* Details */,
			);
			path = Home;
			sourceTree = "<group>";
		};
		FA1EB0522C3292180055A98C /* Chart */ = {
			isa = PBXGroup;
			children = (
				FA1EB0532C32921F0055A98C /* GradientChartView.swift */,
			);
			path = Chart;
			sourceTree = "<group>";
		};
		FA1EB0592C32E28F0055A98C /* Domain */ = {
			isa = PBXGroup;
			children = (
				FAC39AEC2C47B71F00452DDA /* Service */,
				FA1EB0492C327A710055A98C /* Entities */,
			);
			path = Domain;
			sourceTree = "<group>";
		};
		FA1EB05C2C3305E50055A98C /* Details */ = {
			isa = PBXGroup;
			children = (
				FA1EB0692C343D560055A98C /* DetailView.swift */,
				FA1EB05D2C33CB200055A98C /* DetailView2.swift */,
			);
			path = Details;
			sourceTree = "<group>";
		};
		FA1EB05F2C342CBA0055A98C /* Repository */ = {
			isa = PBXGroup;
			children = (
				FAC39AEA2C47B60500452DDA /* AppRepository.swift */,
			);
			path = Repository;
			sourceTree = "<group>";
		};
		FA1EB0602C342CCD0055A98C /* Coordinator */ = {
			isa = PBXGroup;
			children = (
				FA1EB0572C32DD830055A98C /* AppCoordinator.swift */,
			);
			path = Coordinator;
			sourceTree = "<group>";
		};
		FA1EB0622C342CF10055A98C /* Feature */ = {
			isa = PBXGroup;
			children = (
				FA1EB0642C342D740055A98C /* Base */,
				FA1EB0512C327ACA0055A98C /* Home */,
			);
			path = Feature;
			sourceTree = "<group>";
		};
		FA1EB0632C342D110055A98C /* View */ = {
			isa = PBXGroup;
			children = (
				FA1EB0522C3292180055A98C /* Chart */,
			);
			path = View;
			sourceTree = "<group>";
		};
		FA1EB0642C342D740055A98C /* Base */ = {
			isa = PBXGroup;
			children = (
				FA1EB0652C342D790055A98C /* BaseViewModel.swift */,
			);
			path = Base;
			sourceTree = "<group>";
		};
		FA1EB06B2C343D8B0055A98C /* Extension */ = {
			isa = PBXGroup;
			children = (
				FA1EB06C2C343D910055A98C /* Double+.swift */,
			);
			path = Extension;
			sourceTree = "<group>";
		};
		FAC39AE92C47B58D00452DDA /* Data */ = {
			isa = PBXGroup;
			children = (
				FAC39AF22C47C0A600452DDA /* Model */,
				FAC39AED2C47B84F00452DDA /* DataSource */,
				FA1EB05F2C342CBA0055A98C /* Repository */,
			);
			path = Data;
			sourceTree = "<group>";
		};
		FAC39AEC2C47B71F00452DDA /* Service */ = {
			isa = PBXGroup;
			children = (
				FA1EB05A2C32E2960055A98C /* ApiService.swift */,
			);
			path = Service;
			sourceTree = "<group>";
		};
		FAC39AED2C47B84F00452DDA /* DataSource */ = {
			isa = PBXGroup;
			children = (
				FAC39AEE2C47B90200452DDA /* LocalDataSource.swift */,
				FAC39AF02C47B91200452DDA /* RemoteSource.swift */,
			);
			path = DataSource;
			sourceTree = "<group>";
		};
		FAC39AF22C47C0A600452DDA /* Model */ = {
			isa = PBXGroup;
			children = (
			);
			path = Model;
			sourceTree = "<group>";
		};
/* End PBXGroup section */

/* Begin PBXNativeTarget section */
		FA1EB01B2C3275EE0055A98C /* cryptoNews */ = {
			isa = PBXNativeTarget;
			buildConfigurationList = FA1EB0402C3275F00055A98C /* Build configuration list for PBXNativeTarget "cryptoNews" */;
			buildPhases = (
				FA1EB0182C3275EE0055A98C /* Sources */,
				FA1EB0192C3275EE0055A98C /* Frameworks */,
				FA1EB01A2C3275EE0055A98C /* Resources */,
			);
			buildRules = (
			);
			dependencies = (
			);
			name = cryptoNews;
			productName = cryptoNews;
			productReference = FA1EB01C2C3275EE0055A98C /* cryptoNews.app */;
			productType = "com.apple.product-type.application";
		};
		FA1EB02B2C3275EF0055A98C /* cryptoNewsTests */ = {
			isa = PBXNativeTarget;
			buildConfigurationList = FA1EB0432C3275F00055A98C /* Build configuration list for PBXNativeTarget "cryptoNewsTests" */;
			buildPhases = (
				FA1EB0282C3275EF0055A98C /* Sources */,
				FA1EB0292C3275EF0055A98C /* Frameworks */,
				FA1EB02A2C3275EF0055A98C /* Resources */,
			);
			buildRules = (
			);
			dependencies = (
				FA1EB02E2C3275EF0055A98C /* PBXTargetDependency */,
			);
			name = cryptoNewsTests;
			productName = cryptoNewsTests;
			productReference = FA1EB02C2C3275EF0055A98C /* cryptoNewsTests.xctest */;
			productType = "com.apple.product-type.bundle.unit-test";
		};
		FA1EB0352C3275F00055A98C /* cryptoNewsUITests */ = {
			isa = PBXNativeTarget;
			buildConfigurationList = FA1EB0462C3275F00055A98C /* Build configuration list for PBXNativeTarget "cryptoNewsUITests" */;
			buildPhases = (
				FA1EB0322C3275F00055A98C /* Sources */,
				FA1EB0332C3275F00055A98C /* Frameworks */,
				FA1EB0342C3275F00055A98C /* Resources */,
			);
			buildRules = (
			);
			dependencies = (
				FA1EB0382C3275F00055A98C /* PBXTargetDependency */,
			);
			name = cryptoNewsUITests;
			productName = cryptoNewsUITests;
			productReference = FA1EB0362C3275F00055A98C /* cryptoNewsUITests.xctest */;
			productType = "com.apple.product-type.bundle.ui-testing";
		};
/* End PBXNativeTarget section */

/* Begin PBXProject section */
		FA1EB0142C3275EE0055A98C /* Project object */ = {
			isa = PBXProject;
			attributes = {
				BuildIndependentTargetsInParallel = 1;
				LastSwiftUpdateCheck = 1600;
				LastUpgradeCheck = 1600;
				TargetAttributes = {
					FA1EB01B2C3275EE0055A98C = {
						CreatedOnToolsVersion = 16.0;
					};
					FA1EB02B2C3275EF0055A98C = {
						CreatedOnToolsVersion = 16.0;
						TestTargetID = FA1EB01B2C3275EE0055A98C;
					};
					FA1EB0352C3275F00055A98C = {
						CreatedOnToolsVersion = 16.0;
						TestTargetID = FA1EB01B2C3275EE0055A98C;
					};
				};
			};
			buildConfigurationList = FA1EB0172C3275EE0055A98C /* Build configuration list for PBXProject "cryptoNews" */;
			compatibilityVersion = "Xcode 15.0";
			developmentRegion = en;
			hasScannedForEncodings = 0;
			knownRegions = (
				en,
				Base,
			);
			mainGroup = FA1EB0132C3275EE0055A98C;
			productRefGroup = FA1EB01D2C3275EE0055A98C /* Products */;
			projectDirPath = "";
			projectRoot = "";
			targets = (
				FA1EB01B2C3275EE0055A98C /* cryptoNews */,
				FA1EB02B2C3275EF0055A98C /* cryptoNewsTests */,
				FA1EB0352C3275F00055A98C /* cryptoNewsUITests */,
			);
		};
/* End PBXProject section */

/* Begin PBXResourcesBuildPhase section */
		FA1EB01A2C3275EE0055A98C /* Resources */ = {
			isa = PBXResourcesBuildPhase;
			buildActionMask = 2147483647;
			files = (
				FA1EB0272C3275EF0055A98C /* Preview Assets.xcassets in Resources */,
				FA1EB0242C3275EF0055A98C /* Assets.xcassets in Resources */,
			);
			runOnlyForDeploymentPostprocessing = 0;
		};
		FA1EB02A2C3275EF0055A98C /* Resources */ = {
			isa = PBXResourcesBuildPhase;
			buildActionMask = 2147483647;
			files = (
			);
			runOnlyForDeploymentPostprocessing = 0;
		};
		FA1EB0342C3275F00055A98C /* Resources */ = {
			isa = PBXResourcesBuildPhase;
			buildActionMask = 2147483647;
			files = (
			);
			runOnlyForDeploymentPostprocessing = 0;
		};
/* End PBXResourcesBuildPhase section */

/* Begin PBXSourcesBuildPhase section */
		FA1EB0182C3275EE0055A98C /* Sources */ = {
			isa = PBXSourcesBuildPhase;
			buildActionMask = 2147483647;
			files = (
				FA1EB04B2C327A7D0055A98C /* TopCoin.swift in Sources */,
				FA1EB0662C342D830055A98C /* BaseViewModel.swift in Sources */,
				FA1EB0542C3292300055A98C /* GradientChartView.swift in Sources */,
				FA1EB0222C3275EE0055A98C /* HomeView.swift in Sources */,
				FA1EB0582C32DD8E0055A98C /* AppCoordinator.swift in Sources */,
				FAC39AEB2C47B61E00452DDA /* AppRepository.swift in Sources */,
				FA1EB06A2C343D570055A98C /* DetailView.swift in Sources */,
				FA1EB05B2C32E2970055A98C /* ApiService.swift in Sources */,
				FAC39AF12C47B91600452DDA /* RemoteSource.swift in Sources */,
				FA1EB0562C32D96D0055A98C /* News.swift in Sources */,
				FA1EB0502C327ABE0055A98C /* HomeViewModel.swift in Sources */,
				FAC39AEF2C47B90C00452DDA /* LocalDataSource.swift in Sources */,
				FA1EB05E2C33CB220055A98C /* DetailView2.swift in Sources */,
				FA1EB06D2C343D940055A98C /* Double+.swift in Sources */,
				FA1EB0202C3275EE0055A98C /* cryptoNewsApp.swift in Sources */,
			);
			runOnlyForDeploymentPostprocessing = 0;
		};
		FA1EB0282C3275EF0055A98C /* Sources */ = {
			isa = PBXSourcesBuildPhase;
			buildActionMask = 2147483647;
			files = (
				FA1EB0312C3275EF0055A98C /* cryptoNewsTests.swift in Sources */,
			);
			runOnlyForDeploymentPostprocessing = 0;
		};
		FA1EB0322C3275F00055A98C /* Sources */ = {
			isa = PBXSourcesBuildPhase;
			buildActionMask = 2147483647;
			files = (
				FA1EB03D2C3275F00055A98C /* cryptoNewsUITestsLaunchTests.swift in Sources */,
				FA1EB03B2C3275F00055A98C /* cryptoNewsUITests.swift in Sources */,
			);
			runOnlyForDeploymentPostprocessing = 0;
		};
/* End PBXSourcesBuildPhase section */

/* Begin PBXTargetDependency section */
		FA1EB02E2C3275EF0055A98C /* PBXTargetDependency */ = {
			isa = PBXTargetDependency;
			target = FA1EB01B2C3275EE0055A98C /* cryptoNews */;
			targetProxy = FA1EB02D2C3275EF0055A98C /* PBXContainerItemProxy */;
		};
		FA1EB0382C3275F00055A98C /* PBXTargetDependency */ = {
			isa = PBXTargetDependency;
			target = FA1EB01B2C3275EE0055A98C /* cryptoNews */;
			targetProxy = FA1EB0372C3275F00055A98C /* PBXContainerItemProxy */;
		};
/* End PBXTargetDependency section */

/* Begin XCBuildConfiguration section */
		FA1EB03E2C3275F00055A98C /* Debug */ = {
			isa = XCBuildConfiguration;
			buildSettings = {
				ALWAYS_SEARCH_USER_PATHS = NO;
				ASSETCATALOG_COMPILER_GENERATE_SWIFT_ASSET_SYMBOL_EXTENSIONS = YES;
				CLANG_ANALYZER_NONNULL = YES;
				CLANG_ANALYZER_NUMBER_OBJECT_CONVERSION = YES_AGGRESSIVE;
				CLANG_CXX_LANGUAGE_STANDARD = "gnu++20";
				CLANG_ENABLE_MODULES = YES;
				CLANG_ENABLE_OBJC_ARC = YES;
				CLANG_ENABLE_OBJC_WEAK = YES;
				CLANG_WARN_BLOCK_CAPTURE_AUTORELEASING = YES;
				CLANG_WARN_BOOL_CONVERSION = YES;
				CLANG_WARN_COMMA = YES;
				CLANG_WARN_CONSTANT_CONVERSION = YES;
				CLANG_WARN_DEPRECATED_OBJC_IMPLEMENTATIONS = YES;
				CLANG_WARN_DIRECT_OBJC_ISA_USAGE = YES_ERROR;
				CLANG_WARN_DOCUMENTATION_COMMENTS = YES;
				CLANG_WARN_EMPTY_BODY = YES;
				CLANG_WARN_ENUM_CONVERSION = YES;
				CLANG_WARN_INFINITE_RECURSION = YES;
				CLANG_WARN_INT_CONVERSION = YES;
				CLANG_WARN_NON_LITERAL_NULL_CONVERSION = YES;
				CLANG_WARN_OBJC_IMPLICIT_RETAIN_SELF = YES;
				CLANG_WARN_OBJC_LITERAL_CONVERSION = YES;
				CLANG_WARN_OBJC_ROOT_CLASS = YES_ERROR;
				CLANG_WARN_QUOTED_INCLUDE_IN_FRAMEWORK_HEADER = YES;
				CLANG_WARN_RANGE_LOOP_ANALYSIS = YES;
				CLANG_WARN_STRICT_PROTOTYPES = YES;
				CLANG_WARN_SUSPICIOUS_MOVE = YES;
				CLANG_WARN_UNGUARDED_AVAILABILITY = YES_AGGRESSIVE;
				CLANG_WARN_UNREACHABLE_CODE = YES;
				CLANG_WARN__DUPLICATE_METHOD_MATCH = YES;
				COPY_PHASE_STRIP = NO;
				DEBUG_INFORMATION_FORMAT = dwarf;
				ENABLE_STRICT_OBJC_MSGSEND = YES;
				ENABLE_TESTABILITY = YES;
				ENABLE_USER_SCRIPT_SANDBOXING = YES;
				GCC_C_LANGUAGE_STANDARD = gnu17;
				GCC_DYNAMIC_NO_PIC = NO;
				GCC_NO_COMMON_BLOCKS = YES;
				GCC_OPTIMIZATION_LEVEL = 0;
				GCC_PREPROCESSOR_DEFINITIONS = (
					"DEBUG=1",
					"$(inherited)",
				);
				GCC_WARN_64_TO_32_BIT_CONVERSION = YES;
				GCC_WARN_ABOUT_RETURN_TYPE = YES_ERROR;
				GCC_WARN_UNDECLARED_SELECTOR = YES;
				GCC_WARN_UNINITIALIZED_AUTOS = YES_AGGRESSIVE;
				GCC_WARN_UNUSED_FUNCTION = YES;
				GCC_WARN_UNUSED_VARIABLE = YES;
				IPHONEOS_DEPLOYMENT_TARGET = 18.0;
				LOCALIZATION_PREFERS_STRING_CATALOGS = YES;
				MTL_ENABLE_DEBUG_INFO = INCLUDE_SOURCE;
				MTL_FAST_MATH = YES;
				ONLY_ACTIVE_ARCH = YES;
				SDKROOT = iphoneos;
				SWIFT_ACTIVE_COMPILATION_CONDITIONS = "DEBUG $(inherited)";
				SWIFT_OPTIMIZATION_LEVEL = "-Onone";
			};
			name = Debug;
		};
		FA1EB03F2C3275F00055A98C /* Release */ = {
			isa = XCBuildConfiguration;
			buildSettings = {
				ALWAYS_SEARCH_USER_PATHS = NO;
				ASSETCATALOG_COMPILER_GENERATE_SWIFT_ASSET_SYMBOL_EXTENSIONS = YES;
				CLANG_ANALYZER_NONNULL = YES;
				CLANG_ANALYZER_NUMBER_OBJECT_CONVERSION = YES_AGGRESSIVE;
				CLANG_CXX_LANGUAGE_STANDARD = "gnu++20";
				CLANG_ENABLE_MODULES = YES;
				CLANG_ENABLE_OBJC_ARC = YES;
				CLANG_ENABLE_OBJC_WEAK = YES;
				CLANG_WARN_BLOCK_CAPTURE_AUTORELEASING = YES;
				CLANG_WARN_BOOL_CONVERSION = YES;
				CLANG_WARN_COMMA = YES;
				CLANG_WARN_CONSTANT_CONVERSION = YES;
				CLANG_WARN_DEPRECATED_OBJC_IMPLEMENTATIONS = YES;
				CLANG_WARN_DIRECT_OBJC_ISA_USAGE = YES_ERROR;
				CLANG_WARN_DOCUMENTATION_COMMENTS = YES;
				CLANG_WARN_EMPTY_BODY = YES;
				CLANG_WARN_ENUM_CONVERSION = YES;
				CLANG_WARN_INFINITE_RECURSION = YES;
				CLANG_WARN_INT_CONVERSION = YES;
				CLANG_WARN_NON_LITERAL_NULL_CONVERSION = YES;
				CLANG_WARN_OBJC_IMPLICIT_RETAIN_SELF = YES;
				CLANG_WARN_OBJC_LITERAL_CONVERSION = YES;
				CLANG_WARN_OBJC_ROOT_CLASS = YES_ERROR;
				CLANG_WARN_QUOTED_INCLUDE_IN_FRAMEWORK_HEADER = YES;
				CLANG_WARN_RANGE_LOOP_ANALYSIS = YES;
				CLANG_WARN_STRICT_PROTOTYPES = YES;
				CLANG_WARN_SUSPICIOUS_MOVE = YES;
				CLANG_WARN_UNGUARDED_AVAILABILITY = YES_AGGRESSIVE;
				CLANG_WARN_UNREACHABLE_CODE = YES;
				CLANG_WARN__DUPLICATE_METHOD_MATCH = YES;
				COPY_PHASE_STRIP = NO;
				DEBUG_INFORMATION_FORMAT = "dwarf-with-dsym";
				ENABLE_NS_ASSERTIONS = NO;
				ENABLE_STRICT_OBJC_MSGSEND = YES;
				ENABLE_USER_SCRIPT_SANDBOXING = YES;
				GCC_C_LANGUAGE_STANDARD = gnu17;
				GCC_NO_COMMON_BLOCKS = YES;
				GCC_WARN_64_TO_32_BIT_CONVERSION = YES;
				GCC_WARN_ABOUT_RETURN_TYPE = YES_ERROR;
				GCC_WARN_UNDECLARED_SELECTOR = YES;
				GCC_WARN_UNINITIALIZED_AUTOS = YES_AGGRESSIVE;
				GCC_WARN_UNUSED_FUNCTION = YES;
				GCC_WARN_UNUSED_VARIABLE = YES;
				IPHONEOS_DEPLOYMENT_TARGET = 18.0;
				LOCALIZATION_PREFERS_STRING_CATALOGS = YES;
				MTL_ENABLE_DEBUG_INFO = NO;
				MTL_FAST_MATH = YES;
				SDKROOT = iphoneos;
				SWIFT_COMPILATION_MODE = wholemodule;
				VALIDATE_PRODUCT = YES;
			};
			name = Release;
		};
		FA1EB0412C3275F00055A98C /* Debug */ = {
			isa = XCBuildConfiguration;
			buildSettings = {
				ASSETCATALOG_COMPILER_APPICON_NAME = AppIcon;
				ASSETCATALOG_COMPILER_GLOBAL_ACCENT_COLOR_NAME = AccentColor;
				CODE_SIGN_STYLE = Automatic;
				CURRENT_PROJECT_VERSION = 1;
				DEVELOPMENT_ASSET_PATHS = "\"cryptoNews/Preview Content\"";
				ENABLE_PREVIEWS = YES;
				GENERATE_INFOPLIST_FILE = YES;
				INFOPLIST_KEY_UIApplicationSceneManifest_Generation = YES;
				INFOPLIST_KEY_UIApplicationSupportsIndirectInputEvents = YES;
				INFOPLIST_KEY_UILaunchScreen_Generation = YES;
				INFOPLIST_KEY_UISupportedInterfaceOrientations_iPad = "UIInterfaceOrientationPortrait UIInterfaceOrientationPortraitUpsideDown UIInterfaceOrientationLandscapeLeft UIInterfaceOrientationLandscapeRight";
				INFOPLIST_KEY_UISupportedInterfaceOrientations_iPhone = "UIInterfaceOrientationPortrait UIInterfaceOrientationLandscapeLeft UIInterfaceOrientationLandscapeRight";
				LD_RUNPATH_SEARCH_PATHS = (
					"$(inherited)",
					"@executable_path/Frameworks",
				);
				MARKETING_VERSION = 1.0;
				PRODUCT_BUNDLE_IDENTIFIER = com.test.app2024.cryptoNews;
				PRODUCT_NAME = "$(TARGET_NAME)";
				SWIFT_EMIT_LOC_STRINGS = YES;
				SWIFT_VERSION = 5.0;
				TARGETED_DEVICE_FAMILY = "1,2";
			};
			name = Debug;
		};
		FA1EB0422C3275F00055A98C /* Release */ = {
			isa = XCBuildConfiguration;
			buildSettings = {
				ASSETCATALOG_COMPILER_APPICON_NAME = AppIcon;
				ASSETCATALOG_COMPILER_GLOBAL_ACCENT_COLOR_NAME = AccentColor;
				CODE_SIGN_STYLE = Automatic;
				CURRENT_PROJECT_VERSION = 1;
				DEVELOPMENT_ASSET_PATHS = "\"cryptoNews/Preview Content\"";
				ENABLE_PREVIEWS = YES;
				GENERATE_INFOPLIST_FILE = YES;
				INFOPLIST_KEY_UIApplicationSceneManifest_Generation = YES;
				INFOPLIST_KEY_UIApplicationSupportsIndirectInputEvents = YES;
				INFOPLIST_KEY_UILaunchScreen_Generation = YES;
				INFOPLIST_KEY_UISupportedInterfaceOrientations_iPad = "UIInterfaceOrientationPortrait UIInterfaceOrientationPortraitUpsideDown UIInterfaceOrientationLandscapeLeft UIInterfaceOrientationLandscapeRight";
				INFOPLIST_KEY_UISupportedInterfaceOrientations_iPhone = "UIInterfaceOrientationPortrait UIInterfaceOrientationLandscapeLeft UIInterfaceOrientationLandscapeRight";
				LD_RUNPATH_SEARCH_PATHS = (
					"$(inherited)",
					"@executable_path/Frameworks",
				);
				MARKETING_VERSION = 1.0;
				PRODUCT_BUNDLE_IDENTIFIER = com.test.app2024.cryptoNews;
				PRODUCT_NAME = "$(TARGET_NAME)";
				SWIFT_EMIT_LOC_STRINGS = YES;
				SWIFT_VERSION = 5.0;
				TARGETED_DEVICE_FAMILY = "1,2";
			};
			name = Release;
		};
		FA1EB0442C3275F00055A98C /* Debug */ = {
			isa = XCBuildConfiguration;
			buildSettings = {
				BUNDLE_LOADER = "$(TEST_HOST)";
				CODE_SIGN_STYLE = Automatic;
				CURRENT_PROJECT_VERSION = 1;
				GENERATE_INFOPLIST_FILE = YES;
				IPHONEOS_DEPLOYMENT_TARGET = 18.0;
				MARKETING_VERSION = 1.0;
				PRODUCT_BUNDLE_IDENTIFIER = com.test.app2024.cryptoNewsTests;
				PRODUCT_NAME = "$(TARGET_NAME)";
				SWIFT_EMIT_LOC_STRINGS = NO;
				SWIFT_VERSION = 5.0;
				TARGETED_DEVICE_FAMILY = "1,2";
				TEST_HOST = "$(BUILT_PRODUCTS_DIR)/cryptoNews.app/$(BUNDLE_EXECUTABLE_FOLDER_PATH)/cryptoNews";
			};
			name = Debug;
		};
		FA1EB0452C3275F00055A98C /* Release */ = {
			isa = XCBuildConfiguration;
			buildSettings = {
				BUNDLE_LOADER = "$(TEST_HOST)";
				CODE_SIGN_STYLE = Automatic;
				CURRENT_PROJECT_VERSION = 1;
				GENERATE_INFOPLIST_FILE = YES;
				IPHONEOS_DEPLOYMENT_TARGET = 18.0;
				MARKETING_VERSION = 1.0;
				PRODUCT_BUNDLE_IDENTIFIER = com.test.app2024.cryptoNewsTests;
				PRODUCT_NAME = "$(TARGET_NAME)";
				SWIFT_EMIT_LOC_STRINGS = NO;
				SWIFT_VERSION = 5.0;
				TARGETED_DEVICE_FAMILY = "1,2";
				TEST_HOST = "$(BUILT_PRODUCTS_DIR)/cryptoNews.app/$(BUNDLE_EXECUTABLE_FOLDER_PATH)/cryptoNews";
			};
			name = Release;
		};
		FA1EB0472C3275F00055A98C /* Debug */ = {
			isa = XCBuildConfiguration;
			buildSettings = {
				CODE_SIGN_STYLE = Automatic;
				CURRENT_PROJECT_VERSION = 1;
				GENERATE_INFOPLIST_FILE = YES;
				MARKETING_VERSION = 1.0;
				PRODUCT_BUNDLE_IDENTIFIER = com.test.app2024.cryptoNewsUITests;
				PRODUCT_NAME = "$(TARGET_NAME)";
				SWIFT_EMIT_LOC_STRINGS = NO;
				SWIFT_VERSION = 5.0;
				TARGETED_DEVICE_FAMILY = "1,2";
				TEST_TARGET_NAME = cryptoNews;
			};
			name = Debug;
		};
		FA1EB0482C3275F00055A98C /* Release */ = {
			isa = XCBuildConfiguration;
			buildSettings = {
				CODE_SIGN_STYLE = Automatic;
				CURRENT_PROJECT_VERSION = 1;
				GENERATE_INFOPLIST_FILE = YES;
				MARKETING_VERSION = 1.0;
				PRODUCT_BUNDLE_IDENTIFIER = com.test.app2024.cryptoNewsUITests;
				PRODUCT_NAME = "$(TARGET_NAME)";
				SWIFT_EMIT_LOC_STRINGS = NO;
				SWIFT_VERSION = 5.0;
				TARGETED_DEVICE_FAMILY = "1,2";
				TEST_TARGET_NAME = cryptoNews;
			};
			name = Release;
		};
/* End XCBuildConfiguration section */

/* Begin XCConfigurationList section */
		FA1EB0172C3275EE0055A98C /* Build configuration list for PBXProject "cryptoNews" */ = {
			isa = XCConfigurationList;
			buildConfigurations = (
				FA1EB03E2C3275F00055A98C /* Debug */,
				FA1EB03F2C3275F00055A98C /* Release */,
			);
			defaultConfigurationIsVisible = 0;
			defaultConfigurationName = Release;
		};
		FA1EB0402C3275F00055A98C /* Build configuration list for PBXNativeTarget "cryptoNews" */ = {
			isa = XCConfigurationList;
			buildConfigurations = (
				FA1EB0412C3275F00055A98C /* Debug */,
				FA1EB0422C3275F00055A98C /* Release */,
			);
			defaultConfigurationIsVisible = 0;
			defaultConfigurationName = Release;
		};
		FA1EB0432C3275F00055A98C /* Build configuration list for PBXNativeTarget "cryptoNewsTests" */ = {
			isa = XCConfigurationList;
			buildConfigurations = (
				FA1EB0442C3275F00055A98C /* Debug */,
				FA1EB0452C3275F00055A98C /* Release */,
			);
			defaultConfigurationIsVisible = 0;
			defaultConfigurationName = Release;
		};
		FA1EB0462C3275F00055A98C /* Build configuration list for PBXNativeTarget "cryptoNewsUITests" */ = {
			isa = XCConfigurationList;
			buildConfigurations = (
				FA1EB0472C3275F00055A98C /* Debug */,
				FA1EB0482C3275F00055A98C /* Release */,
			);
			defaultConfigurationIsVisible = 0;
			defaultConfigurationName = Release;
		};
/* End XCConfigurationList section */
	};
	rootObject = FA1EB0142C3275EE0055A98C /* Project object */;
}
